// !$*UTF8*$!
{
	archiveVersion = 1;
	classes = {
	};
	objectVersion = 55;
	objects = {

/* Begin PBXBuildFile section */
		FE3B12D828B5613F001D87E5 /* TodoViewController.swift in Sources */ = {isa = PBXBuildFile; fileRef = FE3B12D728B5613F001D87E5 /* TodoViewController.swift */; };
		FEC8666728B4FD2600AD2D65 /* AppDelegate.swift in Sources */ = {isa = PBXBuildFile; fileRef = FEC8666628B4FD2600AD2D65 /* AppDelegate.swift */; };
		FEC8666928B4FD2600AD2D65 /* SceneDelegate.swift in Sources */ = {isa = PBXBuildFile; fileRef = FEC8666828B4FD2600AD2D65 /* SceneDelegate.swift */; };
		FEC8666B28B4FD2600AD2D65 /* ViewController.swift in Sources */ = {isa = PBXBuildFile; fileRef = FEC8666A28B4FD2600AD2D65 /* ViewController.swift */; };
		FEC8666E28B4FD2600AD2D65 /* Main.storyboard in Resources */ = {isa = PBXBuildFile; fileRef = FEC8666C28B4FD2600AD2D65 /* Main.storyboard */; };
		FEC8667028B4FD2800AD2D65 /* Assets.xcassets in Resources */ = {isa = PBXBuildFile; fileRef = FEC8666F28B4FD2800AD2D65 /* Assets.xcassets */; };
		FEC8667328B4FD2800AD2D65 /* LaunchScreen.storyboard in Resources */ = {isa = PBXBuildFile; fileRef = FEC8667128B4FD2800AD2D65 /* LaunchScreen.storyboard */; };
		FEC8667D28B518EC00AD2D65 /* FileManagersActions.swift in Sources */ = {isa = PBXBuildFile; fileRef = FEC8667C28B518EC00AD2D65 /* FileManagersActions.swift */; };
/* End PBXBuildFile section */

/* Begin PBXFileReference section */
		FE3B12D728B5613F001D87E5 /* TodoViewController.swift */ = {isa = PBXFileReference; lastKnownFileType = sourcecode.swift; path = TodoViewController.swift; sourceTree = "<group>"; };
		FEC8666328B4FD2600AD2D65 /* MyReminder-S.M.app */ = {isa = PBXFileReference; explicitFileType = wrapper.application; includeInIndex = 0; path = "MyReminder-S.M.app"; sourceTree = BUILT_PRODUCTS_DIR; };
		FEC8666628B4FD2600AD2D65 /* AppDelegate.swift */ = {isa = PBXFileReference; lastKnownFileType = sourcecode.swift; path = AppDelegate.swift; sourceTree = "<group>"; };
		FEC8666828B4FD2600AD2D65 /* SceneDelegate.swift */ = {isa = PBXFileReference; lastKnownFileType = sourcecode.swift; path = SceneDelegate.swift; sourceTree = "<group>"; };
		FEC8666A28B4FD2600AD2D65 /* ViewController.swift */ = {isa = PBXFileReference; lastKnownFileType = sourcecode.swift; path = ViewController.swift; sourceTree = "<group>"; };
		FEC8666D28B4FD2600AD2D65 /* Base */ = {isa = PBXFileReference; lastKnownFileType = file.storyboard; name = Base; path = Base.lproj/Main.storyboard; sourceTree = "<group>"; };
		FEC8666F28B4FD2800AD2D65 /* Assets.xcassets */ = {isa = PBXFileReference; lastKnownFileType = folder.assetcatalog; path = Assets.xcassets; sourceTree = "<group>"; };
		FEC8667228B4FD2800AD2D65 /* Base */ = {isa = PBXFileReference; lastKnownFileType = file.storyboard; name = Base; path = Base.lproj/LaunchScreen.storyboard; sourceTree = "<group>"; };
		FEC8667428B4FD2800AD2D65 /* Info.plist */ = {isa = PBXFileReference; lastKnownFileType = text.plist.xml; path = Info.plist; sourceTree = "<group>"; };
		FEC8667C28B518EC00AD2D65 /* FileManagersActions.swift */ = {isa = PBXFileReference; lastKnownFileType = sourcecode.swift; path = FileManagersActions.swift; sourceTree = "<group>"; };
/* End PBXFileReference section */

/* Begin PBXFrameworksBuildPhase section */
		FEC8666028B4FD2600AD2D65 /* Frameworks */ = {
			isa = PBXFrameworksBuildPhase;
			buildActionMask = 2147483647;
			files = (
			);
			runOnlyForDeploymentPostprocessing = 0;
		};
/* End PBXFrameworksBuildPhase section */

/* Begin PBXGroup section */
		FEC8665A28B4FD2600AD2D65 = {
			isa = PBXGroup;
			children = (
				FEC8666528B4FD2600AD2D65 /* MyReminder-S.M */,
				FEC8666428B4FD2600AD2D65 /* Products */,
			);
			sourceTree = "<group>";
		};
		FEC8666428B4FD2600AD2D65 /* Products */ = {
			isa = PBXGroup;
			children = (
				FEC8666328B4FD2600AD2D65 /* MyReminder-S.M.app */,
			);
			name = Products;
			sourceTree = "<group>";
		};
		FEC8666528B4FD2600AD2D65 /* MyReminder-S.M */ = {
			isa = PBXGroup;
			children = (
				FEC8666628B4FD2600AD2D65 /* AppDelegate.swift */,
				FEC8666828B4FD2600AD2D65 /* SceneDelegate.swift */,
				FEC8667C28B518EC00AD2D65 /* FileManagersActions.swift */,
				FE3B12D728B5613F001D87E5 /* TodoViewController.swift */,
				FEC8666A28B4FD2600AD2D65 /* ViewController.swift */,
				FEC8666C28B4FD2600AD2D65 /* Main.storyboard */,
				FEC8666F28B4FD2800AD2D65 /* Assets.xcassets */,
				FEC8667128B4FD2800AD2D65 /* LaunchScreen.storyboard */,
				FEC8667428B4FD2800AD2D65 /* Info.plist */,
			);
			path = "MyReminder-S.M";
			sourceTree = "<group>";
		};
/* End PBXGroup section */

/* Begin PBXNativeTarget section */
		FEC8666228B4FD2600AD2D65 /* MyReminder-S.M */ = {
			isa = PBXNativeTarget;
			buildConfigurationList = FEC8667728B4FD2800AD2D65 /* Build configuration list for PBXNativeTarget "MyReminder-S.M" */;
			buildPhases = (
				FEC8665F28B4FD2600AD2D65 /* Sources */,
				FEC8666028B4FD2600AD2D65 /* Frameworks */,
				FEC8666128B4FD2600AD2D65 /* Resources */,
			);
			buildRules = (
			);
			dependencies = (
			);
			name = "MyReminder-S.M";
			productName = "MyReminder-S.M";
			productReference = FEC8666328B4FD2600AD2D65 /* MyReminder-S.M.app */;
			productType = "com.apple.product-type.application";
		};
/* End PBXNativeTarget section */

/* Begin PBXProject section */
		FEC8665B28B4FD2600AD2D65 /* Project object */ = {
			isa = PBXProject;
			attributes = {
				BuildIndependentTargetsInParallel = 1;
				LastSwiftUpdateCheck = 1330;
				LastUpgradeCheck = 1330;
				TargetAttributes = {
					FEC8666228B4FD2600AD2D65 = {
						CreatedOnToolsVersion = 13.3;
					};
				};
			};
			buildConfigurationList = FEC8665E28B4FD2600AD2D65 /* Build configuration list for PBXProject "MyReminder-S.M" */;
			compatibilityVersion = "Xcode 13.0";
			developmentRegion = en;
			hasScannedForEncodings = 0;
			knownRegions = (
				en,
				Base,
			);
			mainGroup = FEC8665A28B4FD2600AD2D65;
			productRefGroup = FEC8666428B4FD2600AD2D65 /* Products */;
			projectDirPath = "";
			projectRoot = "";
			targets = (
				FEC8666228B4FD2600AD2D65 /* MyReminder-S.M */,
			);
		};
/* End PBXProject section */

/* Begin PBXResourcesBuildPhase section */
		FEC8666128B4FD2600AD2D65 /* Resources */ = {
			isa = PBXResourcesBuildPhase;
			buildActionMask = 2147483647;
			files = (
				FEC8667328B4FD2800AD2D65 /* LaunchScreen.storyboard in Resources */,
				FEC8667028B4FD2800AD2D65 /* Assets.xcassets in Resources */,
				FEC8666E28B4FD2600AD2D65 /* Main.storyboard in Resources */,
			);
			runOnlyForDeploymentPostprocessing = 0;
		};
/* End PBXResourcesBuildPhase section */

/* Begin PBXSourcesBuildPhase section */
		FEC8665F28B4FD2600AD2D65 /* Sources */ = {
			isa = PBXSourcesBuildPhase;
			buildActionMask = 2147483647;
			files = (
				FE3B12D828B5613F001D87E5 /* TodoViewController.swift in Sources */,
				FEC8666B28B4FD2600AD2D65 /* ViewController.swift in Sources */,
				FEC8666728B4FD2600AD2D65 /* AppDelegate.swift in Sources */,
				FEC8666928B4FD2600AD2D65 /* SceneDelegate.swift in Sources */,
				FEC8667D28B518EC00AD2D65 /* FileManagersActions.swift in Sources */,
			);
			runOnlyForDeploymentPostprocessing = 0;
		};
/* End PBXSourcesBuildPhase section */

/* Begin PBXVariantGroup section */
		FEC8666C28B4FD2600AD2D65 /* Main.storyboard */ = {
			isa = PBXVariantGroup;
			children = (
				FEC8666D28B4FD2600AD2D65 /* Base */,
			);
			name = Main.storyboard;
			sourceTree = "<group>";
		};
		FEC8667128B4FD2800AD2D65 /* LaunchScreen.storyboard */ = {
			isa = PBXVariantGroup;
			children = (
				FEC8667228B4FD2800AD2D65 /* Base */,
			);
			name = LaunchScreen.storyboard;
			sourceTree = "<group>";
		};
/* End PBXVariantGroup section */

/* Begin XCBuildConfiguration section */
		FEC8667528B4FD2800AD2D65 /* Debug */ = {
			isa = XCBuildConfiguration;
			buildSettings = {
				ALWAYS_SEARCH_USER_PATHS = NO;
				CLANG_ANALYZER_NONNULL = YES;
				CLANG_ANALYZER_NUMBER_OBJECT_CONVERSION = YES_AGGRESSIVE;
				CLANG_CXX_LANGUAGE_STANDARD = "gnu++17";
				CLANG_ENABLE_MODULES = YES;
				CLANG_ENABLE_OBJC_ARC = YES;
				CLANG_ENABLE_OBJC_WEAK = YES;
				CLANG_WARN_BLOCK_CAPTURE_AUTORELEASING = YES;
				CLANG_WARN_BOOL_CONVERSION = YES;
				CLANG_WARN_COMMA = YES;
				CLANG_WARN_CONSTANT_CONVERSION = YES;
				CLANG_WARN_DEPRECATED_OBJC_IMPLEMENTATIONS = YES;
				CLANG_WARN_DIRECT_OBJC_ISA_USAGE = YES_ERROR;
				CLANG_WARN_DOCUMENTATION_COMMENTS = YES;
				CLANG_WARN_EMPTY_BODY = YES;
				CLANG_WARN_ENUM_CONVERSION = YES;
				CLANG_WARN_INFINITE_RECURSION = YES;
				CLANG_WARN_INT_CONVERSION = YES;
				CLANG_WARN_NON_LITERAL_NULL_CONVERSION = YES;
				CLANG_WARN_OBJC_IMPLICIT_RETAIN_SELF = YES;
				CLANG_WARN_OBJC_LITERAL_CONVERSION = YES;
				CLANG_WARN_OBJC_ROOT_CLASS = YES_ERROR;
				CLANG_WARN_QUOTED_INCLUDE_IN_FRAMEWORK_HEADER = YES;
				CLANG_WARN_RANGE_LOOP_ANALYSIS = YES;
				CLANG_WARN_STRICT_PROTOTYPES = YES;
				CLANG_WARN_SUSPICIOUS_MOVE = YES;
				CLANG_WARN_UNGUARDED_AVAILABILITY = YES_AGGRESSIVE;
				CLANG_WARN_UNREACHABLE_CODE = YES;
				CLANG_WARN__DUPLICATE_METHOD_MATCH = YES;
				COPY_PHASE_STRIP = NO;
				DEBUG_INFORMATION_FORMAT = dwarf;
				ENABLE_STRICT_OBJC_MSGSEND = YES;
				ENABLE_TESTABILITY = YES;
				GCC_C_LANGUAGE_STANDARD = gnu11;
				GCC_DYNAMIC_NO_PIC = NO;
				GCC_NO_COMMON_BLOCKS = YES;
				GCC_OPTIMIZATION_LEVEL = 0;
				GCC_PREPROCESSOR_DEFINITIONS = (
					"DEBUG=1",
					"$(inherited)",
				);
				GCC_WARN_64_TO_32_BIT_CONVERSION = YES;
				GCC_WARN_ABOUT_RETURN_TYPE = YES_ERROR;
				GCC_WARN_UNDECLARED_SELECTOR = YES;
				GCC_WARN_UNINITIALIZED_AUTOS = YES_AGGRESSIVE;
				GCC_WARN_UNUSED_FUNCTION = YES;
				GCC_WARN_UNUSED_VARIABLE = YES;
				IPHONEOS_DEPLOYMENT_TARGET = 15.4;
				MTL_ENABLE_DEBUG_INFO = INCLUDE_SOURCE;
				MTL_FAST_MATH = YES;
				ONLY_ACTIVE_ARCH = YES;
				SDKROOT = iphoneos;
				SWIFT_ACTIVE_COMPILATION_CONDITIONS = DEBUG;
				SWIFT_OPTIMIZATION_LEVEL = "-Onone";
			};
			name = Debug;
		};
		FEC8667628B4FD2800AD2D65 /* Release */ = {
			isa = XCBuildConfiguration;
			buildSettings = {
				ALWAYS_SEARCH_USER_PATHS = NO;
				CLANG_ANALYZER_NONNULL = YES;
				CLANG_ANALYZER_NUMBER_OBJECT_CONVERSION = YES_AGGRESSIVE;
				CLANG_CXX_LANGUAGE_STANDARD = "gnu++17";
				CLANG_ENABLE_MODULES = YES;
				CLANG_ENABLE_OBJC_ARC = YES;
				CLANG_ENABLE_OBJC_WEAK = YES;
				CLANG_WARN_BLOCK_CAPTURE_AUTORELEASING = YES;
				CLANG_WARN_BOOL_CONVERSION = YES;
				CLANG_WARN_COMMA = YES;
				CLANG_WARN_CONSTANT_CONVERSION = YES;
				CLANG_WARN_DEPRECATED_OBJC_IMPLEMENTATIONS = YES;
				CLANG_WARN_DIRECT_OBJC_ISA_USAGE = YES_ERROR;
				CLANG_WARN_DOCUMENTATION_COMMENTS = YES;
				CLANG_WARN_EMPTY_BODY = YES;
				CLANG_WARN_ENUM_CONVERSION = YES;
				CLANG_WARN_INFINITE_RECURSION = YES;
				CLANG_WARN_INT_CONVERSION = YES;
				CLANG_WARN_NON_LITERAL_NULL_CONVERSION = YES;
				CLANG_WARN_OBJC_IMPLICIT_RETAIN_SELF = YES;
				CLANG_WARN_OBJC_LITERAL_CONVERSION = YES;
				CLANG_WARN_OBJC_ROOT_CLASS = YES_ERROR;
				CLANG_WARN_QUOTED_INCLUDE_IN_FRAMEWORK_HEADER = YES;
				CLANG_WARN_RANGE_LOOP_ANALYSIS = YES;
				CLANG_WARN_STRICT_PROTOTYPES = YES;
				CLANG_WARN_SUSPICIOUS_MOVE = YES;
				CLANG_WARN_UNGUARDED_AVAILABILITY = YES_AGGRESSIVE;
				CLANG_WARN_UNREACHABLE_CODE = YES;
				CLANG_WARN__DUPLICATE_METHOD_MATCH = YES;
				COPY_PHASE_STRIP = NO;
				DEBUG_INFORMATION_FORMAT = "dwarf-with-dsym";
				ENABLE_NS_ASSERTIONS = NO;
				ENABLE_STRICT_OBJC_MSGSEND = YES;
				GCC_C_LANGUAGE_STANDARD = gnu11;
				GCC_NO_COMMON_BLOCKS = YES;
				GCC_WARN_64_TO_32_BIT_CONVERSION = YES;
				GCC_WARN_ABOUT_RETURN_TYPE = YES_ERROR;
				GCC_WARN_UNDECLARED_SELECTOR = YES;
				GCC_WARN_UNINITIALIZED_AUTOS = YES_AGGRESSIVE;
				GCC_WARN_UNUSED_FUNCTION = YES;
				GCC_WARN_UNUSED_VARIABLE = YES;
				IPHONEOS_DEPLOYMENT_TARGET = 15.4;
				MTL_ENABLE_DEBUG_INFO = NO;
				MTL_FAST_MATH = YES;
				SDKROOT = iphoneos;
				SWIFT_COMPILATION_MODE = wholemodule;
				SWIFT_OPTIMIZATION_LEVEL = "-O";
				VALIDATE_PRODUCT = YES;
			};
			name = Release;
		};
		FEC8667828B4FD2800AD2D65 /* Debug */ = {
			isa = XCBuildConfiguration;
			buildSettings = {
				ASSETCATALOG_COMPILER_APPICON_NAME = AppIcon;
				ASSETCATALOG_COMPILER_GLOBAL_ACCENT_COLOR_NAME = AccentColor;
				CODE_SIGN_STYLE = Automatic;
				CURRENT_PROJECT_VERSION = 1;
				DEVELOPMENT_TEAM = 68JHUUXS7A;
				GENERATE_INFOPLIST_FILE = YES;
				INFOPLIST_FILE = "MyReminder-S.M/Info.plist";
				INFOPLIST_KEY_UIApplicationSupportsIndirectInputEvents = YES;
				INFOPLIST_KEY_UILaunchStoryboardName = LaunchScreen;
				INFOPLIST_KEY_UIMainStoryboardFile = Main;
				INFOPLIST_KEY_UISupportedInterfaceOrientations_iPad = "UIInterfaceOrientationPortrait UIInterfaceOrientationPortraitUpsideDown UIInterfaceOrientationLandscapeLeft UIInterfaceOrientationLandscapeRight";
				INFOPLIST_KEY_UISupportedInterfaceOrientations_iPhone = "UIInterfaceOrientationPortrait UIInterfaceOrientationLandscapeLeft UIInterfaceOrientationLandscapeRight";
				LD_RUNPATH_SEARCH_PATHS = (
					"$(inherited)",
					"@executable_path/Frameworks",
				);
				MARKETING_VERSION = 1.0;
				PRODUCT_BUNDLE_IDENTIFIER = "mskhvilidze.Currency-io.MyReminder-S-M";
				PRODUCT_NAME = "$(TARGET_NAME)";
				SWIFT_EMIT_LOC_STRINGS = YES;
				SWIFT_VERSION = 5.0;
				TARGETED_DEVICE_FAMILY = "1,2";
			};
			name = Debug;
		};
		FEC8667928B4FD2800AD2D65 /* Release */ = {
			isa = XCBuildConfiguration;
			buildSettings = {
				ASSETCATALOG_COMPILER_APPICON_NAME = AppIcon;
				ASSETCATALOG_COMPILER_GLOBAL_ACCENT_COLOR_NAME = AccentColor;
				CODE_SIGN_STYLE = Automatic;
				CURRENT_PROJECT_VERSION = 1;
				DEVELOPMENT_TEAM = 68JHUUXS7A;
				GENERATE_INFOPLIST_FILE = YES;
				INFOPLIST_FILE = "MyReminder-S.M/Info.plist";
				INFOPLIST_KEY_UIApplicationSupportsIndirectInputEvents = YES;
				INFOPLIST_KEY_UILaunchStoryboardName = LaunchScreen;
				INFOPLIST_KEY_UIMainStoryboardFile = Main;
				INFOPLIST_KEY_UISupportedInterfaceOrientations_iPad = "UIInterfaceOrientationPortrait UIInterfaceOrientationPortraitUpsideDown UIInterfaceOrientationLandscapeLeft UIInterfaceOrientationLandscapeRight";
				INFOPLIST_KEY_UISupportedInterfaceOrientations_iPhone = "UIInterfaceOrientationPortrait UIInterfaceOrientationLandscapeLeft UIInterfaceOrientationLandscapeRight";
				LD_RUNPATH_SEARCH_PATHS = (
					"$(inherited)",
					"@executable_path/Frameworks",
				);
				MARKETING_VERSION = 1.0;
				PRODUCT_BUNDLE_IDENTIFIER = "mskhvilidze.Currency-io.MyReminder-S-M";
				PRODUCT_NAME = "$(TARGET_NAME)";
				SWIFT_EMIT_LOC_STRINGS = YES;
				SWIFT_VERSION = 5.0;
				TARGETED_DEVICE_FAMILY = "1,2";
			};
			name = Release;
		};
/* End XCBuildConfiguration section */

/* Begin XCConfigurationList section */
		FEC8665E28B4FD2600AD2D65 /* Build configuration list for PBXProject "MyReminder-S.M" */ = {
			isa = XCConfigurationList;
			buildConfigurations = (
				FEC8667528B4FD2800AD2D65 /* Debug */,
				FEC8667628B4FD2800AD2D65 /* Release */,
			);
			defaultConfigurationIsVisible = 0;
			defaultConfigurationName = Release;
		};
		FEC8667728B4FD2800AD2D65 /* Build configuration list for PBXNativeTarget "MyReminder-S.M" */ = {
			isa = XCConfigurationList;
			buildConfigurations = (
				FEC8667828B4FD2800AD2D65 /* Debug */,
				FEC8667928B4FD2800AD2D65 /* Release */,
			);
			defaultConfigurationIsVisible = 0;
			defaultConfigurationName = Release;
		};
/* End XCConfigurationList section */
	};
	rootObject = FEC8665B28B4FD2600AD2D65 /* Project object */;
}
